// !$*UTF8*$!
{
	archiveVersion = 1;
	classes = {
	};
	objectVersion = 50;
	objects = {

/* Begin PBXBuildFile section */
		B84BFDA12577296E006796A8 /* DiscoveryApp.swift in Sources */ = {isa = PBXBuildFile; fileRef = B84BFDA02577296E006796A8 /* DiscoveryApp.swift */; };
		B84BFDA32577296E006796A8 /* ContentView.swift in Sources */ = {isa = PBXBuildFile; fileRef = B84BFDA22577296E006796A8 /* ContentView.swift */; };
		B84BFDA525772970006796A8 /* Assets.xcassets in Resources */ = {isa = PBXBuildFile; fileRef = B84BFDA425772970006796A8 /* Assets.xcassets */; };
		B84BFDA825772970006796A8 /* Preview Assets.xcassets in Resources */ = {isa = PBXBuildFile; fileRef = B84BFDA725772970006796A8 /* Preview Assets.xcassets */; };
		B84BFDB325772970006796A8 /* DiscoveryTests.swift in Sources */ = {isa = PBXBuildFile; fileRef = B84BFDB225772970006796A8 /* DiscoveryTests.swift */; };
		B84BFDBE25772970006796A8 /* DiscoveryUITests.swift in Sources */ = {isa = PBXBuildFile; fileRef = B84BFDBD25772970006796A8 /* DiscoveryUITests.swift */; };
/* End PBXBuildFile section */

/* Begin PBXContainerItemProxy section */
		B84BFDAF25772970006796A8 /* PBXContainerItemProxy */ = {
			isa = PBXContainerItemProxy;
			containerPortal = B84BFD952577296E006796A8 /* Project object */;
			proxyType = 1;
			remoteGlobalIDString = B84BFD9C2577296E006796A8;
			remoteInfo = Discovery;
		};
		B84BFDBA25772970006796A8 /* PBXContainerItemProxy */ = {
			isa = PBXContainerItemProxy;
			containerPortal = B84BFD952577296E006796A8 /* Project object */;
			proxyType = 1;
			remoteGlobalIDString = B84BFD9C2577296E006796A8;
			remoteInfo = Discovery;
		};
/* End PBXContainerItemProxy section */

/* Begin PBXFileReference section */
		B84BFD9D2577296E006796A8 /* Discovery.app */ = {isa = PBXFileReference; explicitFileType = wrapper.application; includeInIndex = 0; path = Discovery.app; sourceTree = BUILT_PRODUCTS_DIR; };
		B84BFDA02577296E006796A8 /* DiscoveryApp.swift */ = {isa = PBXFileReference; lastKnownFileType = sourcecode.swift; path = DiscoveryApp.swift; sourceTree = "<group>"; };
		B84BFDA22577296E006796A8 /* ContentView.swift */ = {isa = PBXFileReference; lastKnownFileType = sourcecode.swift; path = ContentView.swift; sourceTree = "<group>"; };
		B84BFDA425772970006796A8 /* Assets.xcassets */ = {isa = PBXFileReference; lastKnownFileType = folder.assetcatalog; path = Assets.xcassets; sourceTree = "<group>"; };
		B84BFDA725772970006796A8 /* Preview Assets.xcassets */ = {isa = PBXFileReference; lastKnownFileType = folder.assetcatalog; path = "Preview Assets.xcassets"; sourceTree = "<group>"; };
		B84BFDA925772970006796A8 /* Info.plist */ = {isa = PBXFileReference; lastKnownFileType = text.plist.xml; path = Info.plist; sourceTree = "<group>"; };
		B84BFDAE25772970006796A8 /* DiscoveryTests.xctest */ = {isa = PBXFileReference; explicitFileType = wrapper.cfbundle; includeInIndex = 0; path = DiscoveryTests.xctest; sourceTree = BUILT_PRODUCTS_DIR; };
		B84BFDB225772970006796A8 /* DiscoveryTests.swift */ = {isa = PBXFileReference; lastKnownFileType = sourcecode.swift; path = DiscoveryTests.swift; sourceTree = "<group>"; };
		B84BFDB425772970006796A8 /* Info.plist */ = {isa = PBXFileReference; lastKnownFileType = text.plist.xml; path = Info.plist; sourceTree = "<group>"; };
		B84BFDB925772970006796A8 /* DiscoveryUITests.xctest */ = {isa = PBXFileReference; explicitFileType = wrapper.cfbundle; includeInIndex = 0; path = DiscoveryUITests.xctest; sourceTree = BUILT_PRODUCTS_DIR; };
		B84BFDBD25772970006796A8 /* DiscoveryUITests.swift */ = {isa = PBXFileReference; lastKnownFileType = sourcecode.swift; path = DiscoveryUITests.swift; sourceTree = "<group>"; };
		B84BFDBF25772970006796A8 /* Info.plist */ = {isa = PBXFileReference; lastKnownFileType = text.plist.xml; path = Info.plist; sourceTree = "<group>"; };
/* End PBXFileReference section */

/* Begin PBXFrameworksBuildPhase section */
		B84BFD9A2577296E006796A8 /* Frameworks */ = {
			isa = PBXFrameworksBuildPhase;
			buildActionMask = 2147483647;
			files = (
			);
			runOnlyForDeploymentPostprocessing = 0;
		};
		B84BFDAB25772970006796A8 /* Frameworks */ = {
			isa = PBXFrameworksBuildPhase;
			buildActionMask = 2147483647;
			files = (
			);
			runOnlyForDeploymentPostprocessing = 0;
		};
		B84BFDB625772970006796A8 /* Frameworks */ = {
			isa = PBXFrameworksBuildPhase;
			buildActionMask = 2147483647;
			files = (
			);
			runOnlyForDeploymentPostprocessing = 0;
		};
/* End PBXFrameworksBuildPhase section */

/* Begin PBXGroup section */
		B84BFD942577296E006796A8 = {
			isa = PBXGroup;
			children = (
				B84BFD9F2577296E006796A8 /* Discovery */,
				B84BFDB125772970006796A8 /* DiscoveryTests */,
				B84BFDBC25772970006796A8 /* DiscoveryUITests */,
				B84BFD9E2577296E006796A8 /* Products */,
			);
			sourceTree = "<group>";
		};
		B84BFD9E2577296E006796A8 /* Products */ = {
			isa = PBXGroup;
			children = (
				B84BFD9D2577296E006796A8 /* Discovery.app */,
				B84BFDAE25772970006796A8 /* DiscoveryTests.xctest */,
				B84BFDB925772970006796A8 /* DiscoveryUITests.xctest */,
			);
			name = Products;
			sourceTree = "<group>";
		};
		B84BFD9F2577296E006796A8 /* Discovery */ = {
			isa = PBXGroup;
			children = (
				B84BFDA02577296E006796A8 /* DiscoveryApp.swift */,
				B84BFDA22577296E006796A8 /* ContentView.swift */,
				B84BFDA425772970006796A8 /* Assets.xcassets */,
				B84BFDA925772970006796A8 /* Info.plist */,
				B84BFDA625772970006796A8 /* Preview Content */,
			);
			path = Discovery;
			sourceTree = "<group>";
		};
		B84BFDA625772970006796A8 /* Preview Content */ = {
			isa = PBXGroup;
			children = (
				B84BFDA725772970006796A8 /* Preview Assets.xcassets */,
			);
			path = "Preview Content";
			sourceTree = "<group>";
		};
		B84BFDB125772970006796A8 /* DiscoveryTests */ = {
			isa = PBXGroup;
			children = (
				B84BFDB225772970006796A8 /* DiscoveryTests.swift */,
				B84BFDB425772970006796A8 /* Info.plist */,
			);
			path = DiscoveryTests;
			sourceTree = "<group>";
		};
		B84BFDBC25772970006796A8 /* DiscoveryUITests */ = {
			isa = PBXGroup;
			children = (
				B84BFDBD25772970006796A8 /* DiscoveryUITests.swift */,
				B84BFDBF25772970006796A8 /* Info.plist */,
			);
			path = DiscoveryUITests;
			sourceTree = "<group>";
		};
/* End PBXGroup section */

/* Begin PBXNativeTarget section */
		B84BFD9C2577296E006796A8 /* Discovery */ = {
			isa = PBXNativeTarget;
			buildConfigurationList = B84BFDC225772970006796A8 /* Build configuration list for PBXNativeTarget "Discovery" */;
			buildPhases = (
				B84BFD992577296E006796A8 /* Sources */,
				B84BFD9A2577296E006796A8 /* Frameworks */,
				B84BFD9B2577296E006796A8 /* Resources */,
			);
			buildRules = (
			);
			dependencies = (
			);
			name = Discovery;
			productName = Discovery;
			productReference = B84BFD9D2577296E006796A8 /* Discovery.app */;
			productType = "com.apple.product-type.application";
		};
		B84BFDAD25772970006796A8 /* DiscoveryTests */ = {
			isa = PBXNativeTarget;
			buildConfigurationList = B84BFDC525772970006796A8 /* Build configuration list for PBXNativeTarget "DiscoveryTests" */;
			buildPhases = (
				B84BFDAA25772970006796A8 /* Sources */,
				B84BFDAB25772970006796A8 /* Frameworks */,
				B84BFDAC25772970006796A8 /* Resources */,
			);
			buildRules = (
			);
			dependencies = (
				B84BFDB025772970006796A8 /* PBXTargetDependency */,
			);
			name = DiscoveryTests;
			productName = DiscoveryTests;
			productReference = B84BFDAE25772970006796A8 /* DiscoveryTests.xctest */;
			productType = "com.apple.product-type.bundle.unit-test";
		};
		B84BFDB825772970006796A8 /* DiscoveryUITests */ = {
			isa = PBXNativeTarget;
			buildConfigurationList = B84BFDC825772970006796A8 /* Build configuration list for PBXNativeTarget "DiscoveryUITests" */;
			buildPhases = (
				B84BFDB525772970006796A8 /* Sources */,
				B84BFDB625772970006796A8 /* Frameworks */,
				B84BFDB725772970006796A8 /* Resources */,
			);
			buildRules = (
			);
			dependencies = (
				B84BFDBB25772970006796A8 /* PBXTargetDependency */,
			);
			name = DiscoveryUITests;
			productName = DiscoveryUITests;
			productReference = B84BFDB925772970006796A8 /* DiscoveryUITests.xctest */;
			productType = "com.apple.product-type.bundle.ui-testing";
		};
/* End PBXNativeTarget section */

/* Begin PBXProject section */
		B84BFD952577296E006796A8 /* Project object */ = {
			isa = PBXProject;
			attributes = {
				LastSwiftUpdateCheck = 1220;
				LastUpgradeCheck = 1220;
				TargetAttributes = {
					B84BFD9C2577296E006796A8 = {
						CreatedOnToolsVersion = 12.2;
					};
					B84BFDAD25772970006796A8 = {
						CreatedOnToolsVersion = 12.2;
						TestTargetID = B84BFD9C2577296E006796A8;
					};
					B84BFDB825772970006796A8 = {
						CreatedOnToolsVersion = 12.2;
						TestTargetID = B84BFD9C2577296E006796A8;
					};
				};
			};
			buildConfigurationList = B84BFD982577296E006796A8 /* Build configuration list for PBXProject "Discovery" */;
			compatibilityVersion = "Xcode 9.3";
			developmentRegion = en;
			hasScannedForEncodings = 0;
			knownRegions = (
				en,
				Base,
			);
			mainGroup = B84BFD942577296E006796A8;
			productRefGroup = B84BFD9E2577296E006796A8 /* Products */;
			projectDirPath = "";
			projectRoot = "";
			targets = (
				B84BFD9C2577296E006796A8 /* Discovery */,
				B84BFDAD25772970006796A8 /* DiscoveryTests */,
				B84BFDB825772970006796A8 /* DiscoveryUITests */,
			);
		};
/* End PBXProject section */

/* Begin PBXResourcesBuildPhase section */
		B84BFD9B2577296E006796A8 /* Resources */ = {
			isa = PBXResourcesBuildPhase;
			buildActionMask = 2147483647;
			files = (
				B84BFDA825772970006796A8 /* Preview Assets.xcassets in Resources */,
				B84BFDA525772970006796A8 /* Assets.xcassets in Resources */,
			);
			runOnlyForDeploymentPostprocessing = 0;
		};
		B84BFDAC25772970006796A8 /* Resources */ = {
			isa = PBXResourcesBuildPhase;
			buildActionMask = 2147483647;
			files = (
			);
			runOnlyForDeploymentPostprocessing = 0;
		};
		B84BFDB725772970006796A8 /* Resources */ = {
			isa = PBXResourcesBuildPhase;
			buildActionMask = 2147483647;
			files = (
			);
			runOnlyForDeploymentPostprocessing = 0;
		};
/* End PBXResourcesBuildPhase section */

/* Begin PBXSourcesBuildPhase section */
		B84BFD992577296E006796A8 /* Sources */ = {
			isa = PBXSourcesBuildPhase;
			buildActionMask = 2147483647;
			files = (
				B84BFDA32577296E006796A8 /* ContentView.swift in Sources */,
				B84BFDA12577296E006796A8 /* DiscoveryApp.swift in Sources */,
			);
			runOnlyForDeploymentPostprocessing = 0;
		};
		B84BFDAA25772970006796A8 /* Sources */ = {
			isa = PBXSourcesBuildPhase;
			buildActionMask = 2147483647;
			files = (
				B84BFDB325772970006796A8 /* DiscoveryTests.swift in Sources */,
			);
			runOnlyForDeploymentPostprocessing = 0;
		};
		B84BFDB525772970006796A8 /* Sources */ = {
			isa = PBXSourcesBuildPhase;
			buildActionMask = 2147483647;
			files = (
				B84BFDBE25772970006796A8 /* DiscoveryUITests.swift in Sources */,
			);
			runOnlyForDeploymentPostprocessing = 0;
		};
/* End PBXSourcesBuildPhase section */

/* Begin PBXTargetDependency section */
		B84BFDB025772970006796A8 /* PBXTargetDependency */ = {
			isa = PBXTargetDependency;
			target = B84BFD9C2577296E006796A8 /* Discovery */;
			targetProxy = B84BFDAF25772970006796A8 /* PBXContainerItemProxy */;
		};
		B84BFDBB25772970006796A8 /* PBXTargetDependency */ = {
			isa = PBXTargetDependency;
			target = B84BFD9C2577296E006796A8 /* Discovery */;
			targetProxy = B84BFDBA25772970006796A8 /* PBXContainerItemProxy */;
		};
/* End PBXTargetDependency section */

/* Begin XCBuildConfiguration section */
		B84BFDC025772970006796A8 /* Debug */ = {
			isa = XCBuildConfiguration;
			buildSettings = {
				ALWAYS_SEARCH_USER_PATHS = NO;
				CLANG_ANALYZER_NONNULL = YES;
				CLANG_ANALYZER_NUMBER_OBJECT_CONVERSION = YES_AGGRESSIVE;
				CLANG_CXX_LANGUAGE_STANDARD = "gnu++14";
				CLANG_CXX_LIBRARY = "libc++";
				CLANG_ENABLE_MODULES = YES;
				CLANG_ENABLE_OBJC_ARC = YES;
				CLANG_ENABLE_OBJC_WEAK = YES;
				CLANG_WARN_BLOCK_CAPTURE_AUTORELEASING = YES;
				CLANG_WARN_BOOL_CONVERSION = YES;
				CLANG_WARN_COMMA = YES;
				CLANG_WARN_CONSTANT_CONVERSION = YES;
				CLANG_WARN_DEPRECATED_OBJC_IMPLEMENTATIONS = YES;
				CLANG_WARN_DIRECT_OBJC_ISA_USAGE = YES_ERROR;
				CLANG_WARN_DOCUMENTATION_COMMENTS = YES;
				CLANG_WARN_EMPTY_BODY = YES;
				CLANG_WARN_ENUM_CONVERSION = YES;
				CLANG_WARN_INFINITE_RECURSION = YES;
				CLANG_WARN_INT_CONVERSION = YES;
				CLANG_WARN_NON_LITERAL_NULL_CONVERSION = YES;
				CLANG_WARN_OBJC_IMPLICIT_RETAIN_SELF = YES;
				CLANG_WARN_OBJC_LITERAL_CONVERSION = YES;
				CLANG_WARN_OBJC_ROOT_CLASS = YES_ERROR;
				CLANG_WARN_QUOTED_INCLUDE_IN_FRAMEWORK_HEADER = YES;
				CLANG_WARN_RANGE_LOOP_ANALYSIS = YES;
				CLANG_WARN_STRICT_PROTOTYPES = YES;
				CLANG_WARN_SUSPICIOUS_MOVE = YES;
				CLANG_WARN_UNGUARDED_AVAILABILITY = YES_AGGRESSIVE;
				CLANG_WARN_UNREACHABLE_CODE = YES;
				CLANG_WARN__DUPLICATE_METHOD_MATCH = YES;
				COPY_PHASE_STRIP = NO;
				DEBUG_INFORMATION_FORMAT = dwarf;
				ENABLE_STRICT_OBJC_MSGSEND = YES;
				ENABLE_TESTABILITY = YES;
				GCC_C_LANGUAGE_STANDARD = gnu11;
				GCC_DYNAMIC_NO_PIC = NO;
				GCC_NO_COMMON_BLOCKS = YES;
				GCC_OPTIMIZATION_LEVEL = 0;
				GCC_PREPROCESSOR_DEFINITIONS = (
					"DEBUG=1",
					"$(inherited)",
				);
				GCC_WARN_64_TO_32_BIT_CONVERSION = YES;
				GCC_WARN_ABOUT_RETURN_TYPE = YES_ERROR;
				GCC_WARN_UNDECLARED_SELECTOR = YES;
				GCC_WARN_UNINITIALIZED_AUTOS = YES_AGGRESSIVE;
				GCC_WARN_UNUSED_FUNCTION = YES;
				GCC_WARN_UNUSED_VARIABLE = YES;
				IPHONEOS_DEPLOYMENT_TARGET = 14.2;
				MTL_ENABLE_DEBUG_INFO = INCLUDE_SOURCE;
				MTL_FAST_MATH = YES;
				ONLY_ACTIVE_ARCH = YES;
				SDKROOT = iphoneos;
				SWIFT_ACTIVE_COMPILATION_CONDITIONS = DEBUG;
				SWIFT_OPTIMIZATION_LEVEL = "-Onone";
			};
			name = Debug;
		};
		B84BFDC125772970006796A8 /* Release */ = {
			isa = XCBuildConfiguration;
			buildSettings = {
				ALWAYS_SEARCH_USER_PATHS = NO;
				CLANG_ANALYZER_NONNULL = YES;
				CLANG_ANALYZER_NUMBER_OBJECT_CONVERSION = YES_AGGRESSIVE;
				CLANG_CXX_LANGUAGE_STANDARD = "gnu++14";
				CLANG_CXX_LIBRARY = "libc++";
				CLANG_ENABLE_MODULES = YES;
				CLANG_ENABLE_OBJC_ARC = YES;
				CLANG_ENABLE_OBJC_WEAK = YES;
				CLANG_WARN_BLOCK_CAPTURE_AUTORELEASING = YES;
				CLANG_WARN_BOOL_CONVERSION = YES;
				CLANG_WARN_COMMA = YES;
				CLANG_WARN_CONSTANT_CONVERSION = YES;
				CLANG_WARN_DEPRECATED_OBJC_IMPLEMENTATIONS = YES;
				CLANG_WARN_DIRECT_OBJC_ISA_USAGE = YES_ERROR;
				CLANG_WARN_DOCUMENTATION_COMMENTS = YES;
				CLANG_WARN_EMPTY_BODY = YES;
				CLANG_WARN_ENUM_CONVERSION = YES;
				CLANG_WARN_INFINITE_RECURSION = YES;
				CLANG_WARN_INT_CONVERSION = YES;
				CLANG_WARN_NON_LITERAL_NULL_CONVERSION = YES;
				CLANG_WARN_OBJC_IMPLICIT_RETAIN_SELF = YES;
				CLANG_WARN_OBJC_LITERAL_CONVERSION = YES;
				CLANG_WARN_OBJC_ROOT_CLASS = YES_ERROR;
				CLANG_WARN_QUOTED_INCLUDE_IN_FRAMEWORK_HEADER = YES;
				CLANG_WARN_RANGE_LOOP_ANALYSIS = YES;
				CLANG_WARN_STRICT_PROTOTYPES = YES;
				CLANG_WARN_SUSPICIOUS_MOVE = YES;
				CLANG_WARN_UNGUARDED_AVAILABILITY = YES_AGGRESSIVE;
				CLANG_WARN_UNREACHABLE_CODE = YES;
				CLANG_WARN__DUPLICATE_METHOD_MATCH = YES;
				COPY_PHASE_STRIP = NO;
				DEBUG_INFORMATION_FORMAT = "dwarf-with-dsym";
				ENABLE_NS_ASSERTIONS = NO;
				ENABLE_STRICT_OBJC_MSGSEND = YES;
				GCC_C_LANGUAGE_STANDARD = gnu11;
				GCC_NO_COMMON_BLOCKS = YES;
				GCC_WARN_64_TO_32_BIT_CONVERSION = YES;
				GCC_WARN_ABOUT_RETURN_TYPE = YES_ERROR;
				GCC_WARN_UNDECLARED_SELECTOR = YES;
				GCC_WARN_UNINITIALIZED_AUTOS = YES_AGGRESSIVE;
				GCC_WARN_UNUSED_FUNCTION = YES;
				GCC_WARN_UNUSED_VARIABLE = YES;
				IPHONEOS_DEPLOYMENT_TARGET = 14.2;
				MTL_ENABLE_DEBUG_INFO = NO;
				MTL_FAST_MATH = YES;
				SDKROOT = iphoneos;
				SWIFT_COMPILATION_MODE = wholemodule;
				SWIFT_OPTIMIZATION_LEVEL = "-O";
				VALIDATE_PRODUCT = YES;
			};
			name = Release;
		};
		B84BFDC325772970006796A8 /* Debug */ = {
			isa = XCBuildConfiguration;
			buildSettings = {
				ASSETCATALOG_COMPILER_APPICON_NAME = AppIcon;
				ASSETCATALOG_COMPILER_GLOBAL_ACCENT_COLOR_NAME = AccentColor;
				CODE_SIGN_STYLE = Automatic;
				DEVELOPMENT_ASSET_PATHS = "\"Discovery/Preview Content\"";
				DEVELOPMENT_TEAM = 5AF43YTFD9;
				ENABLE_PREVIEWS = YES;
				INFOPLIST_FILE = Discovery/Info.plist;
				IPHONEOS_DEPLOYMENT_TARGET = 14.0;
				LD_RUNPATH_SEARCH_PATHS = (
					"$(inherited)",
					"@executable_path/Frameworks",
				);
				PRODUCT_BUNDLE_IDENTIFIER = com.coreyburgin.Discovery;
				PRODUCT_NAME = "$(TARGET_NAME)";
				SWIFT_VERSION = 5.0;
				TARGETED_DEVICE_FAMILY = "1,2";
			};
			name = Debug;
		};
		B84BFDC425772970006796A8 /* Release */ = {
			isa = XCBuildConfiguration;
			buildSettings = {
				ASSETCATALOG_COMPILER_APPICON_NAME = AppIcon;
				ASSETCATALOG_COMPILER_GLOBAL_ACCENT_COLOR_NAME = AccentColor;
				CODE_SIGN_STYLE = Automatic;
				DEVELOPMENT_ASSET_PATHS = "\"Discovery/Preview Content\"";
				DEVELOPMENT_TEAM = 5AF43YTFD9;
				ENABLE_PREVIEWS = YES;
				INFOPLIST_FILE = Discovery/Info.plist;
				IPHONEOS_DEPLOYMENT_TARGET = 14.0;
				LD_RUNPATH_SEARCH_PATHS = (
					"$(inherited)",
					"@executable_path/Frameworks",
				);
				PRODUCT_BUNDLE_IDENTIFIER = com.coreyburgin.Discovery;
				PRODUCT_NAME = "$(TARGET_NAME)";
				SWIFT_VERSION = 5.0;
				TARGETED_DEVICE_FAMILY = "1,2";
			};
			name = Release;
		};
		B84BFDC625772970006796A8 /* Debug */ = {
			isa = XCBuildConfiguration;
			buildSettings = {
				ALWAYS_EMBED_SWIFT_STANDARD_LIBRARIES = YES;
				BUNDLE_LOADER = "$(TEST_HOST)";
				CODE_SIGN_STYLE = Automatic;
				DEVELOPMENT_TEAM = 5AF43YTFD9;
				INFOPLIST_FILE = DiscoveryTests/Info.plist;
				IPHONEOS_DEPLOYMENT_TARGET = 14.0;
				LD_RUNPATH_SEARCH_PATHS = (
					"$(inherited)",
					"@executable_path/Frameworks",
					"@loader_path/Frameworks",
				);
				PRODUCT_BUNDLE_IDENTIFIER = com.coreyburgin.DiscoveryTests;
				PRODUCT_NAME = "$(TARGET_NAME)";
				SWIFT_VERSION = 5.0;
				TARGETED_DEVICE_FAMILY = "1,2";
				TEST_HOST = "$(BUILT_PRODUCTS_DIR)/Discovery.app/Discovery";
			};
			name = Debug;
		};
		B84BFDC725772970006796A8 /* Release */ = {
			isa = XCBuildConfiguration;
			buildSettings = {
				ALWAYS_EMBED_SWIFT_STANDARD_LIBRARIES = YES;
				BUNDLE_LOADER = "$(TEST_HOST)";
				CODE_SIGN_STYLE = Automatic;
				DEVELOPMENT_TEAM = 5AF43YTFD9;
				INFOPLIST_FILE = DiscoveryTests/Info.plist;
				IPHONEOS_DEPLOYMENT_TARGET = 14.0;
				LD_RUNPATH_SEARCH_PATHS = (
					"$(inherited)",
					"@executable_path/Frameworks",
					"@loader_path/Frameworks",
				);
				PRODUCT_BUNDLE_IDENTIFIER = com.coreyburgin.DiscoveryTests;
				PRODUCT_NAME = "$(TARGET_NAME)";
				SWIFT_VERSION = 5.0;
				TARGETED_DEVICE_FAMILY = "1,2";
				TEST_HOST = "$(BUILT_PRODUCTS_DIR)/Discovery.app/Discovery";
			};
			name = Release;
		};
		B84BFDC925772970006796A8 /* Debug */ = {
			isa = XCBuildConfiguration;
			buildSettings = {
				ALWAYS_EMBED_SWIFT_STANDARD_LIBRARIES = YES;
				CODE_SIGN_STYLE = Automatic;
				DEVELOPMENT_TEAM = 5AF43YTFD9;
				INFOPLIST_FILE = DiscoveryUITests/Info.plist;
				LD_RUNPATH_SEARCH_PATHS = (
					"$(inherited)",
					"@executable_path/Frameworks",
					"@loader_path/Frameworks",
				);
				PRODUCT_BUNDLE_IDENTIFIER = com.coreyburgin.DiscoveryUITests;
				PRODUCT_NAME = "$(TARGET_NAME)";
				SWIFT_VERSION = 5.0;
				TARGETED_DEVICE_FAMILY = "1,2";
				TEST_TARGET_NAME = Discovery;
			};
			name = Debug;
		};
		B84BFDCA25772970006796A8 /* Release */ = {
			isa = XCBuildConfiguration;
			buildSettings = {
				ALWAYS_EMBED_SWIFT_STANDARD_LIBRARIES = YES;
				CODE_SIGN_STYLE = Automatic;
				DEVELOPMENT_TEAM = 5AF43YTFD9;
				INFOPLIST_FILE = DiscoveryUITests/Info.plist;
				LD_RUNPATH_SEARCH_PATHS = (
					"$(inherited)",
					"@executable_path/Frameworks",
					"@loader_path/Frameworks",
				);
				PRODUCT_BUNDLE_IDENTIFIER = com.coreyburgin.DiscoveryUITests;
				PRODUCT_NAME = "$(TARGET_NAME)";
				SWIFT_VERSION = 5.0;
				TARGETED_DEVICE_FAMILY = "1,2";
				TEST_TARGET_NAME = Discovery;
			};
			name = Release;
		};
/* End XCBuildConfiguration section */

/* Begin XCConfigurationList section */
		B84BFD982577296E006796A8 /* Build configuration list for PBXProject "Discovery" */ = {
			isa = XCConfigurationList;
			buildConfigurations = (
				B84BFDC025772970006796A8 /* Debug */,
				B84BFDC125772970006796A8 /* Release */,
			);
			defaultConfigurationIsVisible = 0;
			defaultConfigurationName = Release;
		};
		B84BFDC225772970006796A8 /* Build configuration list for PBXNativeTarget "Discovery" */ = {
			isa = XCConfigurationList;
			buildConfigurations = (
				B84BFDC325772970006796A8 /* Debug */,
				B84BFDC425772970006796A8 /* Release */,
			);
			defaultConfigurationIsVisible = 0;
			defaultConfigurationName = Release;
		};
		B84BFDC525772970006796A8 /* Build configuration list for PBXNativeTarget "DiscoveryTests" */ = {
			isa = XCConfigurationList;
			buildConfigurations = (
				B84BFDC625772970006796A8 /* Debug */,
				B84BFDC725772970006796A8 /* Release */,
			);
			defaultConfigurationIsVisible = 0;
			defaultConfigurationName = Release;
		};
		B84BFDC825772970006796A8 /* Build configuration list for PBXNativeTarget "DiscoveryUITests" */ = {
			isa = XCConfigurationList;
			buildConfigurations = (
				B84BFDC925772970006796A8 /* Debug */,
				B84BFDCA25772970006796A8 /* Release */,
			);
			defaultConfigurationIsVisible = 0;
			defaultConfigurationName = Release;
		};
/* End XCConfigurationList section */
	};
	rootObject = B84BFD952577296E006796A8 /* Project object */;
}
